
Microsoft Visual Studio Solution File, Format Version 12.00
# Visual Studio 15
VisualStudioVersion = 15.0.25618.0
MinimumVisualStudioVersion = 10.0.40219.1
Project("{FAE04EC0-301F-11D3-BF4B-00C04F79EFBC}") = "TrackFocus", "App7\TrackFocus.csproj", "{21148B4C-F5B0-44BC-92E6-009FB18F1F98}"
EndProject
Project("{FAE04EC0-301F-11D3-BF4B-00C04F79EFBC}") = "DummyUWP", "DummyUWP\DummyUWP.csproj", "{A9E2401B-0CDF-4111-9E55-1A69A6568EA9}"
EndProject
Project("{FAE04EC0-301F-11D3-BF4B-00C04F79EFBC}") = "DummyWeb", "DummyWeb\DummyWeb.csproj", "{59C35B3B-CA3F-4CF4-87D4-95BCD2A01EC0}"
EndProject
Project("{FAE04EC0-301F-11D3-BF4B-00C04F79EFBC}") = "ClassLibraryUWP", "ClassLibraryUWP\ClassLibraryUWP.csproj", "{3524AA30-565E-41E0-98D1-B50EBA46745D}"
EndProject
Project("{888888A0-9F3D-457C-B088-3A5042F75D52}") = "PythonApplication1", "PythonApplication1\PythonApplication1.pyproj", "{818781E7-E22D-4DAD-A036-A964D629B274}"
EndProject
Global
	GlobalSection(SolutionConfigurationPlatforms) = preSolution
		Debug|Any CPU = Debug|Any CPU
		Debug|ARM = Debug|ARM
		Debug|x64 = Debug|x64
		Debug|x86 = Debug|x86
		Release|Any CPU = Release|Any CPU
		Release|ARM = Release|ARM
		Release|x64 = Release|x64
		Release|x86 = Release|x86
	EndGlobalSection
	GlobalSection(ProjectConfigurationPlatforms) = postSolution
		{21148B4C-F5B0-44BC-92E6-009FB18F1F98}.Debug|Any CPU.ActiveCfg = Debug|x86
		{21148B4C-F5B0-44BC-92E6-009FB18F1F98}.Debug|ARM.ActiveCfg = Debug|ARM
		{21148B4C-F5B0-44BC-92E6-009FB18F1F98}.Debug|ARM.Build.0 = Debug|ARM
		{21148B4C-F5B0-44BC-92E6-009FB18F1F98}.Debug|ARM.Deploy.0 = Debug|ARM
		{21148B4C-F5B0-44BC-92E6-009FB18F1F98}.Debug|x64.ActiveCfg = Debug|x64
		{21148B4C-F5B0-44BC-92E6-009FB18F1F98}.Debug|x64.Build.0 = Debug|x64
		{21148B4C-F5B0-44BC-92E6-009FB18F1F98}.Debug|x64.Deploy.0 = Debug|x64
		{21148B4C-F5B0-44BC-92E6-009FB18F1F98}.Debug|x86.ActiveCfg = Debug|x86
		{21148B4C-F5B0-44BC-92E6-009FB18F1F98}.Debug|x86.Build.0 = Debug|x86
		{21148B4C-F5B0-44BC-92E6-009FB18F1F98}.Debug|x86.Deploy.0 = Debug|x86
		{21148B4C-F5B0-44BC-92E6-009FB18F1F98}.Release|Any CPU.ActiveCfg = Release|x86
		{21148B4C-F5B0-44BC-92E6-009FB18F1F98}.Release|ARM.ActiveCfg = Release|ARM
		{21148B4C-F5B0-44BC-92E6-009FB18F1F98}.Release|ARM.Build.0 = Release|ARM
		{21148B4C-F5B0-44BC-92E6-009FB18F1F98}.Release|ARM.Deploy.0 = Release|ARM
		{21148B4C-F5B0-44BC-92E6-009FB18F1F98}.Release|x64.ActiveCfg = Release|x64
		{21148B4C-F5B0-44BC-92E6-009FB18F1F98}.Release|x64.Build.0 = Release|x64
		{21148B4C-F5B0-44BC-92E6-009FB18F1F98}.Release|x64.Deploy.0 = Release|x64
		{21148B4C-F5B0-44BC-92E6-009FB18F1F98}.Release|x86.ActiveCfg = Release|x86
		{21148B4C-F5B0-44BC-92E6-009FB18F1F98}.Release|x86.Build.0 = Release|x86
		{21148B4C-F5B0-44BC-92E6-009FB18F1F98}.Release|x86.Deploy.0 = Release|x86
		{A9E2401B-0CDF-4111-9E55-1A69A6568EA9}.Debug|Any CPU.ActiveCfg = Debug|x86
		{A9E2401B-0CDF-4111-9E55-1A69A6568EA9}.Debug|ARM.ActiveCfg = Debug|ARM
		{A9E2401B-0CDF-4111-9E55-1A69A6568EA9}.Debug|ARM.Build.0 = Debug|ARM
		{A9E2401B-0CDF-4111-9E55-1A69A6568EA9}.Debug|ARM.Deploy.0 = Debug|ARM
		{A9E2401B-0CDF-4111-9E55-1A69A6568EA9}.Debug|x64.ActiveCfg = Debug|x64
		{A9E2401B-0CDF-4111-9E55-1A69A6568EA9}.Debug|x64.Build.0 = Debug|x64
		{A9E2401B-0CDF-4111-9E55-1A69A6568EA9}.Debug|x64.Deploy.0 = Debug|x64
		{A9E2401B-0CDF-4111-9E55-1A69A6568EA9}.Debug|x86.ActiveCfg = Debug|x86
		{A9E2401B-0CDF-4111-9E55-1A69A6568EA9}.Debug|x86.Build.0 = Debug|x86
		{A9E2401B-0CDF-4111-9E55-1A69A6568EA9}.Debug|x86.Deploy.0 = Debug|x86
		{A9E2401B-0CDF-4111-9E55-1A69A6568EA9}.Release|Any CPU.ActiveCfg = Release|x86
		{A9E2401B-0CDF-4111-9E55-1A69A6568EA9}.Release|ARM.ActiveCfg = Release|ARM
		{A9E2401B-0CDF-4111-9E55-1A69A6568EA9}.Release|ARM.Build.0 = Release|ARM
		{A9E2401B-0CDF-4111-9E55-1A69A6568EA9}.Release|ARM.Deploy.0 = Release|ARM
		{A9E2401B-0CDF-4111-9E55-1A69A6568EA9}.Release|x64.ActiveCfg = Release|x64
		{A9E2401B-0CDF-4111-9E55-1A69A6568EA9}.Release|x64.Build.0 = Release|x64
		{A9E2401B-0CDF-4111-9E55-1A69A6568EA9}.Release|x64.Deploy.0 = Release|x64
		{A9E2401B-0CDF-4111-9E55-1A69A6568EA9}.Release|x86.ActiveCfg = Release|x86
		{A9E2401B-0CDF-4111-9E55-1A69A6568EA9}.Release|x86.Build.0 = Release|x86
		{A9E2401B-0CDF-4111-9E55-1A69A6568EA9}.Release|x86.Deploy.0 = Release|x86
		{59C35B3B-CA3F-4CF4-87D4-95BCD2A01EC0}.Debug|Any CPU.ActiveCfg = Debug|Any CPU
		{59C35B3B-CA3F-4CF4-87D4-95BCD2A01EC0}.Debug|Any CPU.Build.0 = Debug|Any CPU
		{59C35B3B-CA3F-4CF4-87D4-95BCD2A01EC0}.Debug|ARM.ActiveCfg = Debug|Any CPU
		{59C35B3B-CA3F-4CF4-87D4-95BCD2A01EC0}.Debug|ARM.Build.0 = Debug|Any CPU
		{59C35B3B-CA3F-4CF4-87D4-95BCD2A01EC0}.Debug|x64.ActiveCfg = Debug|Any CPU
		{59C35B3B-CA3F-4CF4-87D4-95BCD2A01EC0}.Debug|x64.Build.0 = Debug|Any CPU
		{59C35B3B-CA3F-4CF4-87D4-95BCD2A01EC0}.Debug|x86.ActiveCfg = Debug|Any CPU
		{59C35B3B-CA3F-4CF4-87D4-95BCD2A01EC0}.Debug|x86.Build.0 = Debug|Any CPU
		{59C35B3B-CA3F-4CF4-87D4-95BCD2A01EC0}.Release|Any CPU.ActiveCfg = Release|Any CPU
		{59C35B3B-CA3F-4CF4-87D4-95BCD2A01EC0}.Release|Any CPU.Build.0 = Release|Any CPU
		{59C35B3B-CA3F-4CF4-87D4-95BCD2A01EC0}.Release|ARM.ActiveCfg = Release|Any CPU
		{59C35B3B-CA3F-4CF4-87D4-95BCD2A01EC0}.Release|ARM.Build.0 = Release|Any CPU
		{59C35B3B-CA3F-4CF4-87D4-95BCD2A01EC0}.Release|x64.ActiveCfg = Release|Any CPU
		{59C35B3B-CA3F-4CF4-87D4-95BCD2A01EC0}.Release|x64.Build.0 = Release|Any CPU
		{59C35B3B-CA3F-4CF4-87D4-95BCD2A01EC0}.Release|x86.ActiveCfg = Release|Any CPU
		{59C35B3B-CA3F-4CF4-87D4-95BCD2A01EC0}.Release|x86.Build.0 = Release|Any CPU
		{3524AA30-565E-41E0-98D1-B50EBA46745D}.Debug|Any CPU.ActiveCfg = Debug|Any CPU
		{3524AA30-565E-41E0-98D1-B50EBA46745D}.Debug|Any CPU.Build.0 = Debug|Any CPU
		{3524AA30-565E-41E0-98D1-B50EBA46745D}.Debug|ARM.ActiveCfg = Debug|ARM
		{3524AA30-565E-41E0-98D1-B50EBA46745D}.Debug|ARM.Build.0 = Debug|ARM
		{3524AA30-565E-41E0-98D1-B50EBA46745D}.Debug|x64.ActiveCfg = Debug|x64
		{3524AA30-565E-41E0-98D1-B50EBA46745D}.Debug|x64.Build.0 = Debug|x64
		{3524AA30-565E-41E0-98D1-B50EBA46745D}.Debug|x86.ActiveCfg = Debug|x86
		{3524AA30-565E-41E0-98D1-B50EBA46745D}.Debug|x86.Build.0 = Debug|x86
		{3524AA30-565E-41E0-98D1-B50EBA46745D}.Release|Any CPU.ActiveCfg = Release|Any CPU
		{3524AA30-565E-41E0-98D1-B50EBA46745D}.Release|Any CPU.Build.0 = Release|Any CPU
		{3524AA30-565E-41E0-98D1-B50EBA46745D}.Release|ARM.ActiveCfg = Release|ARM
		{3524AA30-565E-41E0-98D1-B50EBA46745D}.Release|ARM.Build.0 = Release|ARM
		{3524AA30-565E-41E0-98D1-B50EBA46745D}.Release|x64.ActiveCfg = Release|x64
		{3524AA30-565E-41E0-98D1-B50EBA46745D}.Release|x64.Build.0 = Release|x64
		{3524AA30-565E-41E0-98D1-B50EBA46745D}.Release|x86.ActiveCfg = Release|x86
		{3524AA30-565E-41E0-98D1-B50EBA46745D}.Release|x86.Build.0 = Release|x86
		{818781E7-E22D-4DAD-A036-A964D629B274}.Debug|Any CPU.ActiveCfg = Debug|Any CPU
		{818781E7-E22D-4DAD-A036-A964D629B274}.Debug|ARM.ActiveCfg = Debug|Any CPU
		{818781E7-E22D-4DAD-A036-A964D629B274}.Debug|x64.ActiveCfg = Debug|Any CPU
		{818781E7-E22D-4DAD-A036-A964D629B274}.Debug|x86.ActiveCfg = Debug|Any CPU
		{818781E7-E22D-4DAD-A036-A964D629B274}.Release|Any CPU.ActiveCfg = Release|Any CPU
		{818781E7-E22D-4DAD-A036-A964D629B274}.Release|ARM.ActiveCfg = Release|Any CPU
		{818781E7-E22D-4DAD-A036-A964D629B274}.Release|x64.ActiveCfg = Release|Any CPU
		{818781E7-E22D-4DAD-A036-A964D629B274}.Release|x86.ActiveCfg = Release|Any CPU
	EndGlobalSection
	GlobalSection(SolutionProperties) = preSolution
		HideSolutionNode = FALSE
	EndGlobalSection
EndGlobal
