
Microsoft Visual Studio Solution File, Format Version 12.00
# Visual Studio 15
VisualStudioVersion = 15.0.25920.0
MinimumVisualStudioVersion = 10.0.40219.1
Project("{FAE04EC0-301F-11D3-BF4B-00C04F79EFBC}") = "TrackFocus", "App7\TrackFocus.csproj", "{21148B4C-F5B0-44BC-92E6-009FB18F1F98}"
EndProject
Project("{2150E333-8FDC-42A3-9474-1A3956D46DE8}") = "Solution Items", "Solution Items", "{62B816AF-FA7D-4D6E-B7CE-71AE8AEBCA1A}"
EndProject
Project("{FAE04EC0-301F-11D3-BF4B-00C04F79EFBC}") = "ClassLibrary1", "ClassLibrary1\ClassLibrary1.csproj", "{4EE9DE16-C51A-4877-8220-600B0C95F408}"
EndProject
Project("{FAE04EC0-301F-11D3-BF4B-00C04F79EFBC}") = "ClassLibraryUWP", "ClassLibraryUWP\ClassLibraryUWP.csproj", "{3524AA30-565E-41E0-98D1-B50EBA46745D}"
EndProject
Global
	GlobalSection(SolutionConfigurationPlatforms) = preSolution
		Debug|Any CPU = Debug|Any CPU
		Debug|ARM = Debug|ARM
		Debug|x64 = Debug|x64
		Debug|x86 = Debug|x86
		Release|Any CPU = Release|Any CPU
		Release|ARM = Release|ARM
		Release|x64 = Release|x64
		Release|x86 = Release|x86
	EndGlobalSection
	GlobalSection(ProjectConfigurationPlatforms) = postSolution
		{21148B4C-F5B0-44BC-92E6-009FB18F1F98}.Debug|Any CPU.ActiveCfg = Debug|x86
		{21148B4C-F5B0-44BC-92E6-009FB18F1F98}.Debug|ARM.ActiveCfg = Debug|ARM
		{21148B4C-F5B0-44BC-92E6-009FB18F1F98}.Debug|ARM.Build.0 = Debug|ARM
		{21148B4C-F5B0-44BC-92E6-009FB18F1F98}.Debug|ARM.Deploy.0 = Debug|ARM
		{21148B4C-F5B0-44BC-92E6-009FB18F1F98}.Debug|x64.ActiveCfg = Debug|x64
		{21148B4C-F5B0-44BC-92E6-009FB18F1F98}.Debug|x64.Build.0 = Debug|x64
		{21148B4C-F5B0-44BC-92E6-009FB18F1F98}.Debug|x64.Deploy.0 = Debug|x64
		{21148B4C-F5B0-44BC-92E6-009FB18F1F98}.Debug|x86.ActiveCfg = Debug|x86
		{21148B4C-F5B0-44BC-92E6-009FB18F1F98}.Debug|x86.Build.0 = Debug|x86
		{21148B4C-F5B0-44BC-92E6-009FB18F1F98}.Debug|x86.Deploy.0 = Debug|x86
		{21148B4C-F5B0-44BC-92E6-009FB18F1F98}.Release|Any CPU.ActiveCfg = Release|x86
		{21148B4C-F5B0-44BC-92E6-009FB18F1F98}.Release|ARM.ActiveCfg = Release|ARM
		{21148B4C-F5B0-44BC-92E6-009FB18F1F98}.Release|ARM.Build.0 = Release|ARM
		{21148B4C-F5B0-44BC-92E6-009FB18F1F98}.Release|ARM.Deploy.0 = Release|ARM
		{21148B4C-F5B0-44BC-92E6-009FB18F1F98}.Release|x64.ActiveCfg = Release|x64
		{21148B4C-F5B0-44BC-92E6-009FB18F1F98}.Release|x64.Build.0 = Release|x64
		{21148B4C-F5B0-44BC-92E6-009FB18F1F98}.Release|x64.Deploy.0 = Release|x64
		{21148B4C-F5B0-44BC-92E6-009FB18F1F98}.Release|x86.ActiveCfg = Release|x86
		{21148B4C-F5B0-44BC-92E6-009FB18F1F98}.Release|x86.Build.0 = Release|x86
		{21148B4C-F5B0-44BC-92E6-009FB18F1F98}.Release|x86.Deploy.0 = Release|x86
		{4EE9DE16-C51A-4877-8220-600B0C95F408}.Debug|Any CPU.ActiveCfg = Debug|Any CPU
		{4EE9DE16-C51A-4877-8220-600B0C95F408}.Debug|Any CPU.Build.0 = Debug|Any CPU
		{4EE9DE16-C51A-4877-8220-600B0C95F408}.Debug|ARM.ActiveCfg = Debug|Any CPU
		{4EE9DE16-C51A-4877-8220-600B0C95F408}.Debug|ARM.Build.0 = Debug|Any CPU
		{4EE9DE16-C51A-4877-8220-600B0C95F408}.Debug|x64.ActiveCfg = Debug|Any CPU
		{4EE9DE16-C51A-4877-8220-600B0C95F408}.Debug|x64.Build.0 = Debug|Any CPU
		{4EE9DE16-C51A-4877-8220-600B0C95F408}.Debug|x86.ActiveCfg = Debug|Any CPU
		{4EE9DE16-C51A-4877-8220-600B0C95F408}.Debug|x86.Build.0 = Debug|Any CPU
		{4EE9DE16-C51A-4877-8220-600B0C95F408}.Release|Any CPU.ActiveCfg = Release|Any CPU
		{4EE9DE16-C51A-4877-8220-600B0C95F408}.Release|Any CPU.Build.0 = Release|Any CPU
		{4EE9DE16-C51A-4877-8220-600B0C95F408}.Release|ARM.ActiveCfg = Release|Any CPU
		{4EE9DE16-C51A-4877-8220-600B0C95F408}.Release|ARM.Build.0 = Release|Any CPU
		{4EE9DE16-C51A-4877-8220-600B0C95F408}.Release|x64.ActiveCfg = Release|Any CPU
		{4EE9DE16-C51A-4877-8220-600B0C95F408}.Release|x64.Build.0 = Release|Any CPU
		{4EE9DE16-C51A-4877-8220-600B0C95F408}.Release|x86.ActiveCfg = Release|Any CPU
		{4EE9DE16-C51A-4877-8220-600B0C95F408}.Release|x86.Build.0 = Release|Any CPU
		{3524AA30-565E-41E0-98D1-B50EBA46745D}.Debug|Any CPU.ActiveCfg = Debug|Any CPU
		{3524AA30-565E-41E0-98D1-B50EBA46745D}.Debug|Any CPU.Build.0 = Debug|Any CPU
		{3524AA30-565E-41E0-98D1-B50EBA46745D}.Debug|ARM.ActiveCfg = Debug|ARM
		{3524AA30-565E-41E0-98D1-B50EBA46745D}.Debug|ARM.Build.0 = Debug|ARM
		{3524AA30-565E-41E0-98D1-B50EBA46745D}.Debug|x64.ActiveCfg = Debug|x64
		{3524AA30-565E-41E0-98D1-B50EBA46745D}.Debug|x64.Build.0 = Debug|x64
		{3524AA30-565E-41E0-98D1-B50EBA46745D}.Debug|x86.ActiveCfg = Debug|x86
		{3524AA30-565E-41E0-98D1-B50EBA46745D}.Debug|x86.Build.0 = Debug|x86
		{3524AA30-565E-41E0-98D1-B50EBA46745D}.Release|Any CPU.ActiveCfg = Release|Any CPU
		{3524AA30-565E-41E0-98D1-B50EBA46745D}.Release|Any CPU.Build.0 = Release|Any CPU
		{3524AA30-565E-41E0-98D1-B50EBA46745D}.Release|ARM.ActiveCfg = Release|ARM
		{3524AA30-565E-41E0-98D1-B50EBA46745D}.Release|ARM.Build.0 = Release|ARM
		{3524AA30-565E-41E0-98D1-B50EBA46745D}.Release|x64.ActiveCfg = Release|x64
		{3524AA30-565E-41E0-98D1-B50EBA46745D}.Release|x64.Build.0 = Release|x64
		{3524AA30-565E-41E0-98D1-B50EBA46745D}.Release|x86.ActiveCfg = Release|x86
		{3524AA30-565E-41E0-98D1-B50EBA46745D}.Release|x86.Build.0 = Release|x86
	EndGlobalSection
	GlobalSection(SolutionProperties) = preSolution
		HideSolutionNode = FALSE
	EndGlobalSection
EndGlobal
